Microsoft Visual Studio Solution File, Format Version 12.00
# Visual Studio Version 17
VisualStudioVersion = 17.5.2.0
MinimumVisualStudioVersion = 10.0.40219.1
Project("{FAE04EC0-301F-11D3-BF4B-00C04F79EFBC}") = "fn_valida_cpf", "fn_valida_cpf.csproj", "{C01B5795-18FC-BEBC-3800-61AF97272036}"
EndProject
Global
	GlobalSection(SolutionConfigurationPlatforms) = preSolution
		Debug|Any CPU = Debug|Any CPU
		Release|Any CPU = Release|Any CPU
	EndGlobalSection
	GlobalSection(ProjectConfigurationPlatforms) = postSolution
		{C01B5795-18FC-BEBC-3800-61AF97272036}.Debug|Any CPU.ActiveCfg = Debug|Any CPU
		{C01B5795-18FC-BEBC-3800-61AF97272036}.Debug|Any CPU.Build.0 = Debug|Any CPU
		{C01B5795-18FC-BEBC-3800-61AF97272036}.Release|Any CPU.ActiveCfg = Release|Any CPU
		{C01B5795-18FC-BEBC-3800-61AF97272036}.Release|Any CPU.Build.0 = Release|Any CPU
	EndGlobalSection
	GlobalSection(SolutionProperties) = preSolution
		HideSolutionNode = FALSE
	EndGlobalSection
	GlobalSection(ExtensibilityGlobals) = postSolution
		SolutionGuid = {92F004C9-37BA-4696-8359-54FE7E6A9F5C}
	EndGlobalSection
EndGlobal
